{
  "name": "yuka-babylon-examples",
  "version": "1.0.0",
  "lockfileVersion": 2,
  "requires": true,
  "packages": {
    "": {
      "name": "yuka-babylon-examples",
      "version": "1.0.0",
      "license": "ISC",
      "dependencies": {
        "@types/yuka": "^0.7.1",
        "babylonjs": "^5.0.0-beta.5",
        "babylonjs-inspector": "^5.0.0-beta.5",
        "babylonjs-loaders": "^5.0.0-beta.5",
        "babylonjs-materials": "^5.0.0-beta.5",
        "yuka": "^0.7.7"
      },
      "devDependencies": {
        "prettier": "2.5.1"
      }
    },
    "node_modules/@types/yuka": {
      "version": "0.7.1",
      "resolved": "https://registry.npmjs.org/@types/yuka/-/yuka-0.7.1.tgz",
      "integrity": "sha512-w2TFlnnVgwbUSe4qT5CrQG3SemjPowUh5I0qJ+7OmgXnA8cXj8dBZ3OtJjs63+kG4S3zm2BUwJWVCTTu8Z4K5w=="
    },
    "node_modules/babylonjs": {
      "version": "5.0.0-beta.5",
      "resolved": "https://registry.npmjs.org/babylonjs/-/babylonjs-5.0.0-beta.5.tgz",
      "integrity": "sha512-+oHaqaEIeU7ZqSLX3ppQV50G0i14O2yP5pW5+LHxPgiU+ZsKUfSSe2Gz4u+Cxnh+ZIyyEvDV16G5vtQNvUf94Q==",
      "engines": {
        "node": ">=12.x"
      }
    },
    "node_modules/babylonjs-gltf2interface": {
      "version": "5.0.0-beta.5",
      "resolved": "https://registry.npmjs.org/babylonjs-gltf2interface/-/babylonjs-gltf2interface-5.0.0-beta.5.tgz",
      "integrity": "sha512-JCSJ7tyXgqiW3rp6kpM+X/KdNe9LF+79++d5hozKTfHsYzj+/xB99cQ4KQJN2v4iHdYLFLPmIs2CfrZTyZ1Lvw==",
      "engines": {
        "node": "*"
      }
    },
    "node_modules/babylonjs-gui": {
      "version": "5.0.0-beta.5",
      "resolved": "https://registry.npmjs.org/babylonjs-gui/-/babylonjs-gui-5.0.0-beta.5.tgz",
      "integrity": "sha512-rawUIlElEdIEr2YDF9iJYTXPPkMIMi7YA0N1upmaO6Fqut+rTTNqJ9P5R1NNgJ1wilvZv79niked++iF9bKjEw==",
      "dependencies": {
        "babylonjs": "5.0.0-beta.5"
      },
      "engines": {
        "node": "*"
      }
    },
    "node_modules/babylonjs-inspector": {
      "version": "5.0.0-beta.5",
      "resolved": "https://registry.npmjs.org/babylonjs-inspector/-/babylonjs-inspector-5.0.0-beta.5.tgz",
      "integrity": "sha512-ZCon7Nm9Oa662K9VHHiTeTutx5KI6WDLYvl2xzkJsu1XysQtctreYXFRcWu6BCAKPT65IfQ+Z3VAaSS9xkiKBg==",
      "dependencies": {
        "babylonjs": "5.0.0-beta.5",
        "babylonjs-gltf2interface": "5.0.0-beta.5",
        "babylonjs-gui": "5.0.0-beta.5",
        "babylonjs-loaders": "5.0.0-beta.5",
        "babylonjs-materials": "5.0.0-beta.5",
        "babylonjs-serializers": "5.0.0-beta.5"
      },
      "engines": {
        "node": "*"
      },
      "peerDependencies": {
        "@types/react": ">=16.7.3",
        "@types/react-dom": ">=16.0.9"
      }
    },
    "node_modules/babylonjs-loaders": {
      "version": "5.0.0-beta.5",
      "resolved": "https://registry.npmjs.org/babylonjs-loaders/-/babylonjs-loaders-5.0.0-beta.5.tgz",
      "integrity": "sha512-/saoO5huHgTq/lePhFelUxqBLmEXVQWRKNc4a0ZprDxdxzrprQg7X2d9dpCsfaqPMEWAWI6Ku3Yij9xqkRB6bA==",
      "dependencies": {
        "babylonjs": "5.0.0-beta.5",
        "babylonjs-gltf2interface": "5.0.0-beta.5"
      },
      "engines": {
        "node": "*"
      }
    },
    "node_modules/babylonjs-materials": {
      "version": "5.0.0-beta.5",
      "resolved": "https://registry.npmjs.org/babylonjs-materials/-/babylonjs-materials-5.0.0-beta.5.tgz",
      "integrity": "sha512-3GGNak27dzdBXmkMZ3djKKBu68NyKhhwCKuFeZK4AER5JMMvWXCNmwf9bGFr93YtGLYsa180/Jat9874tcSPvA==",
      "dependencies": {
        "babylonjs": "5.0.0-beta.5"
      },
      "engines": {
        "node": "*"
      }
    },
    "node_modules/babylonjs-serializers": {
      "version": "5.0.0-beta.5",
      "resolved": "https://registry.npmjs.org/babylonjs-serializers/-/babylonjs-serializers-5.0.0-beta.5.tgz",
      "integrity": "sha512-fGROLZpIit1JCtkqlO/5BZxuylgquOHE6Kz65OJYDkObHxcHqDzCX3Hugdumvy+ubH8WVuTrm+wW/MVtbhFO0w==",
      "dependencies": {
        "babylonjs": "5.0.0-beta.5",
        "babylonjs-gltf2interface": "5.0.0-beta.5"
      },
      "engines": {
        "node": "*"
      }
    },
    "node_modules/prettier": {
      "version": "2.5.1",
      "resolved": "https://registry.npmjs.org/prettier/-/prettier-2.5.1.tgz",
      "integrity": "sha512-vBZcPRUR5MZJwoyi3ZoyQlc1rXeEck8KgeC9AwwOn+exuxLxq5toTRDTSaVrXHxelDMHy9zlicw8u66yxoSUFg==",
      "dev": true,
      "bin": {
        "prettier": "bin-prettier.js"
      },
      "engines": {
        "node": ">=10.13.0"
      }
    },
    "node_modules/yuka": {
      "version": "0.7.7",
      "resolved": "https://registry.npmjs.org/yuka/-/yuka-0.7.7.tgz",
      "integrity": "sha512-DPU1XbL2g+bIKVPmRxp8jtNURzbQyh75Ie0RzYYYboUUfTCkATbdCZXBIHMOebuDAfl4845w0Ph0Kg0tRdNkSQ=="
    }
  },
  "dependencies": {
    "@types/yuka": {
      "version": "0.7.1",
      "resolved": "https://registry.npmjs.org/@types/yuka/-/yuka-0.7.1.tgz",
      "integrity": "sha512-w2TFlnnVgwbUSe4qT5CrQG3SemjPowUh5I0qJ+7OmgXnA8cXj8dBZ3OtJjs63+kG4S3zm2BUwJWVCTTu8Z4K5w=="
    },
    "babylonjs": {
      "version": "5.0.0-beta.5",
      "resolved": "https://registry.npmjs.org/babylonjs/-/babylonjs-5.0.0-beta.5.tgz",
      "integrity": "sha512-+oHaqaEIeU7ZqSLX3ppQV50G0i14O2yP5pW5+LHxPgiU+ZsKUfSSe2Gz4u+Cxnh+ZIyyEvDV16G5vtQNvUf94Q=="
    },
    "babylonjs-gltf2interface": {
      "version": "5.0.0-beta.5",
      "resolved": "https://registry.npmjs.org/babylonjs-gltf2interface/-/babylonjs-gltf2interface-5.0.0-beta.5.tgz",
      "integrity": "sha512-JCSJ7tyXgqiW3rp6kpM+X/KdNe9LF+79++d5hozKTfHsYzj+/xB99cQ4KQJN2v4iHdYLFLPmIs2CfrZTyZ1Lvw=="
    },
    "babylonjs-gui": {
      "version": "5.0.0-beta.5",
      "resolved": "https://registry.npmjs.org/babylonjs-gui/-/babylonjs-gui-5.0.0-beta.5.tgz",
      "integrity": "sha512-rawUIlElEdIEr2YDF9iJYTXPPkMIMi7YA0N1upmaO6Fqut+rTTNqJ9P5R1NNgJ1wilvZv79niked++iF9bKjEw==",
      "requires": {
        "babylonjs": "5.0.0-beta.5"
      }
    },
    "babylonjs-inspector": {
      "version": "5.0.0-beta.5",
      "resolved": "https://registry.npmjs.org/babylonjs-inspector/-/babylonjs-inspector-5.0.0-beta.5.tgz",
      "integrity": "sha512-ZCon7Nm9Oa662K9VHHiTeTutx5KI6WDLYvl2xzkJsu1XysQtctreYXFRcWu6BCAKPT65IfQ+Z3VAaSS9xkiKBg==",
      "requires": {
        "babylonjs": "5.0.0-beta.5",
        "babylonjs-gltf2interface": "5.0.0-beta.5",
        "babylonjs-gui": "5.0.0-beta.5",
        "babylonjs-loaders": "5.0.0-beta.5",
        "babylonjs-materials": "5.0.0-beta.5",
        "babylonjs-serializers": "5.0.0-beta.5"
      }
    },
    "babylonjs-loaders": {
      "version": "5.0.0-beta.5",
      "resolved": "https://registry.npmjs.org/babylonjs-loaders/-/babylonjs-loaders-5.0.0-beta.5.tgz",
      "integrity": "sha512-/saoO5huHgTq/lePhFelUxqBLmEXVQWRKNc4a0ZprDxdxzrprQg7X2d9dpCsfaqPMEWAWI6Ku3Yij9xqkRB6bA==",
      "requires": {
        "babylonjs": "5.0.0-beta.5",
        "babylonjs-gltf2interface": "5.0.0-beta.5"
      }
    },
    "babylonjs-materials": {
      "version": "5.0.0-beta.5",
      "resolved": "https://registry.npmjs.org/babylonjs-materials/-/babylonjs-materials-5.0.0-beta.5.tgz",
      "integrity": "sha512-3GGNak27dzdBXmkMZ3djKKBu68NyKhhwCKuFeZK4AER5JMMvWXCNmwf9bGFr93YtGLYsa180/Jat9874tcSPvA==",
      "requires": {
        "babylonjs": "5.0.0-beta.5"
      }
    },
    "babylonjs-serializers": {
      "version": "5.0.0-beta.5",
      "resolved": "https://registry.npmjs.org/babylonjs-serializers/-/babylonjs-serializers-5.0.0-beta.5.tgz",
      "integrity": "sha512-fGROLZpIit1JCtkqlO/5BZxuylgquOHE6Kz65OJYDkObHxcHqDzCX3Hugdumvy+ubH8WVuTrm+wW/MVtbhFO0w==",
      "requires": {
        "babylonjs": "5.0.0-beta.5",
        "babylonjs-gltf2interface": "5.0.0-beta.5"
      }
    },
    "prettier": {
      "version": "2.5.1",
      "resolved": "https://registry.npmjs.org/prettier/-/prettier-2.5.1.tgz",
      "integrity": "sha512-vBZcPRUR5MZJwoyi3ZoyQlc1rXeEck8KgeC9AwwOn+exuxLxq5toTRDTSaVrXHxelDMHy9zlicw8u66yxoSUFg==",
      "dev": true
    },
    "yuka": {
      "version": "0.7.7",
      "resolved": "https://registry.npmjs.org/yuka/-/yuka-0.7.7.tgz",
      "integrity": "sha512-DPU1XbL2g+bIKVPmRxp8jtNURzbQyh75Ie0RzYYYboUUfTCkATbdCZXBIHMOebuDAfl4845w0Ph0Kg0tRdNkSQ=="
    }
  }
}
