{
  "name": "yuka-babylon-examples",
  "version": "1.0.0",
  "lockfileVersion": 1,
  "requires": true,
  "dependencies": {
    "@types/yuka": {
      "version": "0.7.1",
      "resolved": "https://registry.npmjs.org/@types/yuka/-/yuka-0.7.1.tgz",
      "integrity": "sha512-w2TFlnnVgwbUSe4qT5CrQG3SemjPowUh5I0qJ+7OmgXnA8cXj8dBZ3OtJjs63+kG4S3zm2BUwJWVCTTu8Z4K5w=="
    },
    "prettier": {
      "version": "2.5.1",
      "resolved": "https://registry.npmjs.org/prettier/-/prettier-2.5.1.tgz",
      "integrity": "sha512-vBZcPRUR5MZJwoyi3ZoyQlc1rXeEck8KgeC9AwwOn+exuxLxq5toTRDTSaVrXHxelDMHy9zlicw8u66yxoSUFg==",
      "dev": true
    },
    "yuka": {
      "version": "0.7.7",
      "resolved": "https://registry.npmjs.org/yuka/-/yuka-0.7.7.tgz",
      "integrity": "sha512-DPU1XbL2g+bIKVPmRxp8jtNURzbQyh75Ie0RzYYYboUUfTCkATbdCZXBIHMOebuDAfl4845w0Ph0Kg0tRdNkSQ=="
    }
  }
}
